# This file is autogenerated, do not edit; changes may be undone by the next 'dep ensure'.


[[projects]]
  name = "github.com/acoshift/configfile"
  packages = ["."]
  revision = "c416a3c1e7fab6eaaf0e3ee56ec17793a485eddf"
  version = "v1.0.0"

[[projects]]
  name = "github.com/acoshift/flash"
  packages = ["."]
  revision = "406b6283576703ae4b5f7575565a78162bc21e71"
  version = "v0.2.0"

[[projects]]
  branch = "master"
  name = "github.com/acoshift/header"
  packages = ["."]
  revision = "5c88c77f50897ba89140829b44b9d96c5050ff5a"

[[projects]]
  name = "github.com/acoshift/hime"
  packages = ["."]
  revision = "e1142bda760b4eb3f4746642b20d4c8398079245"
  version = "v0.0.8"

[[projects]]
  name = "github.com/acoshift/httprouter"
  packages = ["."]
  revision = "fecd5a0a4ef0f46879ac1b1f5286156b2fd8b63b"
  version = "v2.1.0"

[[projects]]
  name = "github.com/acoshift/middleware"
  packages = ["."]
  revision = "eb528086425529ef1d014404066c11b3bfa15a92"
  version = "v0.2.0"

[[projects]]
  name = "github.com/acoshift/session"
  packages = [".","store/redis"]
  revision = "01bf3e4593772b5aaf64efa0d18956559ee41e27"
  version = "v0.4.1"

[[projects]]
  name = "github.com/acoshift/webstatic"
  packages = ["."]
  revision = "81f1897e65a6ba4534d8110692e5fca853027af7"
  version = "v1.0.0"

[[projects]]
  branch = "master"
  name = "github.com/garyburd/redigo"
  packages = ["internal","redis"]
  revision = "5f161ed9cfbce31e5a0ec0b1c3c81087e2e9cbef"

[[projects]]
  branch = "master"
  name = "github.com/lib/pq"
  packages = [".","oid"]
  revision = "83612a56d3dd153a94a629cd64925371c9adad78"

[[projects]]
  name = "github.com/tdewolff/minify"
  packages = [".","css","html","js"]
  revision = "222672169d634c440a73abc47685074e1a9daa60"
  version = "v2.3.4"

[[projects]]
  name = "github.com/tdewolff/parse"
  packages = [".","buffer","css","html","js","strconv"]
  revision = "639f6272aec6b52094db77b9ec488214b0b4b1a1"
  version = "v2.3.2"

[solve-meta]
  analyzer-name = "dep"
  analyzer-version = 1
  inputs-digest = "e5f26726e6639cb83a680991ace376e0697b9789d9b1cd751045358908c409fa"
  solver-name = "gps-cdcl"
  solver-version = 1
